
Microsoft Visual Studio Solution File, Format Version 12.00
# Visual Studio Version 16
VisualStudioVersion = 16.0.30503.244
MinimumVisualStudioVersion = 10.0.40219.1
Project("{9A19103F-16F7-4668-BE54-9A1E7A4F7556}") = "WebForum", "WebForum\WebForum.csproj", "{3F42166C-64CA-4C9C-83FF-9A139FCFC84B}"
EndProject
Project("{9A19103F-16F7-4668-BE54-9A1E7A4F7556}") = "WebForum.Data", "WebForum.Data\WebForum.Data.csproj", "{55C3886D-1FB0-46F6-8767-19CDAE2839A5}"
EndProject
Project("{9A19103F-16F7-4668-BE54-9A1E7A4F7556}") = "WebForum.Service", "WebForum.Service\WebForum.Service.csproj", "{8725E06F-E2C2-4210-B193-BBD975DFF7DE}"
EndProject
Global
	GlobalSection(SolutionConfigurationPlatforms) = preSolution
		Debug|Any CPU = Debug|Any CPU
		Release|Any CPU = Release|Any CPU
	EndGlobalSection
	GlobalSection(ProjectConfigurationPlatforms) = postSolution
		{3F42166C-64CA-4C9C-83FF-9A139FCFC84B}.Debug|Any CPU.ActiveCfg = Debug|Any CPU
		{3F42166C-64CA-4C9C-83FF-9A139FCFC84B}.Debug|Any CPU.Build.0 = Debug|Any CPU
		{3F42166C-64CA-4C9C-83FF-9A139FCFC84B}.Release|Any CPU.ActiveCfg = Release|Any CPU
		{3F42166C-64CA-4C9C-83FF-9A139FCFC84B}.Release|Any CPU.Build.0 = Release|Any CPU
		{55C3886D-1FB0-46F6-8767-19CDAE2839A5}.Debug|Any CPU.ActiveCfg = Debug|Any CPU
		{55C3886D-1FB0-46F6-8767-19CDAE2839A5}.Debug|Any CPU.Build.0 = Debug|Any CPU
		{55C3886D-1FB0-46F6-8767-19CDAE2839A5}.Release|Any CPU.ActiveCfg = Release|Any CPU
		{55C3886D-1FB0-46F6-8767-19CDAE2839A5}.Release|Any CPU.Build.0 = Release|Any CPU
		{8725E06F-E2C2-4210-B193-BBD975DFF7DE}.Debug|Any CPU.ActiveCfg = Debug|Any CPU
		{8725E06F-E2C2-4210-B193-BBD975DFF7DE}.Debug|Any CPU.Build.0 = Debug|Any CPU
		{8725E06F-E2C2-4210-B193-BBD975DFF7DE}.Release|Any CPU.ActiveCfg = Release|Any CPU
		{8725E06F-E2C2-4210-B193-BBD975DFF7DE}.Release|Any CPU.Build.0 = Release|Any CPU
	EndGlobalSection
	GlobalSection(SolutionProperties) = preSolution
		HideSolutionNode = FALSE
	EndGlobalSection
	GlobalSection(ExtensibilityGlobals) = postSolution
		SolutionGuid = {1AAE75F2-54BC-4955-AA10-0791F45AB19A}
	EndGlobalSection
EndGlobal
